
Microsoft Visual Studio Solution File, Format Version 10.00
# Visual Studio 2012
Project("{FAE04EC0-301F-11D3-BF4B-00C04F79EFBC}") = "UniversalFileReader", "trial\UniversalFileReader.csproj", "{955F7150-54A2-4ACF-B652-BD3E880205EA}"
EndProject
Global
	GlobalSection(SolutionConfigurationPlatforms) = preSolution
		CD_ROM|Any CPU = CD_ROM|Any CPU
		Debug|Any CPU = Debug|Any CPU
		DVD-5|Any CPU = DVD-5|Any CPU
		Release|Any CPU = Release|Any CPU
		SingleImage|Any CPU = SingleImage|Any CPU
	EndGlobalSection
	GlobalSection(ProjectConfigurationPlatforms) = postSolution
		{955F7150-54A2-4ACF-B652-BD3E880205EA}.CD_ROM|Any CPU.ActiveCfg = Release|Any CPU
		{955F7150-54A2-4ACF-B652-BD3E880205EA}.CD_ROM|Any CPU.Build.0 = Release|Any CPU
		{955F7150-54A2-4ACF-B652-BD3E880205EA}.Debug|Any CPU.ActiveCfg = Debug|Any CPU
		{955F7150-54A2-4ACF-B652-BD3E880205EA}.Debug|Any CPU.Build.0 = Debug|Any CPU
		{955F7150-54A2-4ACF-B652-BD3E880205EA}.DVD-5|Any CPU.ActiveCfg = Debug|Any CPU
		{955F7150-54A2-4ACF-B652-BD3E880205EA}.DVD-5|Any CPU.Build.0 = Debug|Any CPU
		{955F7150-54A2-4ACF-B652-BD3E880205EA}.Release|Any CPU.ActiveCfg = Release|Any CPU
		{955F7150-54A2-4ACF-B652-BD3E880205EA}.Release|Any CPU.Build.0 = Release|Any CPU
		{955F7150-54A2-4ACF-B652-BD3E880205EA}.SingleImage|Any CPU.ActiveCfg = Release|Any CPU
		{955F7150-54A2-4ACF-B652-BD3E880205EA}.SingleImage|Any CPU.Build.0 = Release|Any CPU
	EndGlobalSection
	GlobalSection(SolutionProperties) = preSolution
		HideSolutionNode = FALSE
	EndGlobalSection
EndGlobal
